{
  "name": "firebolt-js-reference-app",
  "version": "1.0.0",
  "lockfileVersion": 3,
  "requires": true,
  "packages": {
    "": {
      "name": "firebolt-js-reference-app",
      "version": "1.0.0",
      "devDependencies": {
        "@firebolt-js/types": "file:../../package"
      }
    },
    "../../package": {
      "name": "@firebolt-js/types",
      "version": "9.0.0",
      "dev": true
    },
    "node_modules/@firebolt-js/types": {
      "resolved": "../../package",
      "link": true
    }
  }
}
